{
  "nodes": {
    "flake-utils": {
      "inputs": {
        "systems": "systems"
      },
      "locked": {
        "lastModified": 1687709756,
        "narHash": "sha256-Y5wKlQSkgEK2weWdOu4J3riRd+kV/VCgHsqLNTTWQ/0=",
        "owner": "numtide",
        "repo": "flake-utils",
        "rev": "dbabf0ca0c0c4bce6ea5eaf65af5cb694d2082c7",
        "type": "github"
      },
      "original": {
        "owner": "numtide",
        "repo": "flake-utils",
        "type": "github"
      }
    },
    "formsDesigner": {
      "inputs": {
        "flake-utils": "flake-utils",
        "nixpkgs": [
          "nixpkgs"
        ]
      },
      "locked": {
        "lastModified": 1694024294,
        "narHash": "sha256-eCXi/iKmenwB74QFgPRyX9BkwPMB6yjouNF4V3lVAns=",
        "owner": "FormsWizard",
        "repo": "forms-designer",
        "rev": "957b64878b71960cb91694a7a75e2f4450675396",
        "type": "github"
      },
      "original": {
        "owner": "FormsWizard",
        "ref": "main",
        "repo": "forms-designer",
        "type": "github"
      }
    },
    "nixpkgs": {
      "locked": {
        "lastModified": 1694304580,
        "narHash": "sha256-5tIpNodDpEKT8mM/F5zCzWEAnidOg8eb1/x3SRaaBLs=",
        "owner": "NixOS",
        "repo": "nixpkgs",
        "rev": "4c8cf44c5b9481a4f093f1df3b8b7ba997a7c760",
        "type": "github"
      },
      "original": {
        "owner": "NixOS",
        "ref": "nixos-23.05",
        "repo": "nixpkgs",
        "type": "github"
      }
    },
    "processing": {
      "inputs": {
        "nixpkgs": [
          "nixpkgs"
        ]
      },
      "locked": {
        "lastModified": 1694458216,
        "narHash": "sha256-3fXPJXTcAbhbvgZfwyKCx7I53a1nLy4Ghyc9uRq8/D0=",
        "owner": "FormsWizard",
        "repo": "processing",
        "rev": "be031eefdb73f684de41b77efbeac4902b077560",
        "type": "github"
      },
      "original": {
        "owner": "FormsWizard",
        "ref": "main",
        "repo": "processing",
        "type": "github"
      }
    },
    "root": {
      "inputs": {
        "formsDesigner": "formsDesigner",
        "nixpkgs": "nixpkgs",
        "processing": "processing"
      }
    },
    "systems": {
      "locked": {
        "lastModified": 1681028828,
        "narHash": "sha256-Vy1rq5AaRuLzOxct8nz4T6wlgyUR7zLU309k9mBC768=",
        "owner": "nix-systems",
        "repo": "default",
        "rev": "da67096a3b9bf56a91d16901293e51ba5b49a27e",
        "type": "github"
      },
      "original": {
        "owner": "nix-systems",
        "repo": "default",
        "type": "github"
      }
    }
  },
  "root": "root",
  "version": 7
}
