{
  "nodes": {
    "flake-utils": {
      "inputs": {
        "systems": "systems"
      },
      "locked": {
        "lastModified": 1687709756,
        "narHash": "sha256-Y5wKlQSkgEK2weWdOu4J3riRd+kV/VCgHsqLNTTWQ/0=",
        "owner": "numtide",
        "repo": "flake-utils",
        "rev": "dbabf0ca0c0c4bce6ea5eaf65af5cb694d2082c7",
        "type": "github"
      },
      "original": {
        "owner": "numtide",
        "repo": "flake-utils",
        "type": "github"
      }
    },
    "formsDesigner": {
      "inputs": {
        "flake-utils": "flake-utils",
        "nixpkgs": [
          "nixpkgs"
        ]
      },
      "locked": {
        "lastModified": 1694590620,
        "narHash": "sha256-pZWjUWEOPo5ACJqvQ9D2eobMrCMnx8fViQOFsiZxtYk=",
        "owner": "FormsWizard",
        "repo": "forms-designer",
        "rev": "d7ae79ccd845a039cef4544b3d655c28c0e200d5",
        "type": "github"
      },
      "original": {
        "owner": "FormsWizard",
        "ref": "main",
        "repo": "forms-designer",
        "type": "github"
      }
    },
    "nixpkgs": {
      "locked": {
        "lastModified": 1694499547,
        "narHash": "sha256-R7xMz1Iia6JthWRHDn36s/E248WB1/je62ovC/dUVKI=",
        "owner": "NixOS",
        "repo": "nixpkgs",
        "rev": "e5f018cf150e29aac26c61dac0790ea023c46b24",
        "type": "github"
      },
      "original": {
        "owner": "NixOS",
        "ref": "nixos-23.05",
        "repo": "nixpkgs",
        "type": "github"
      }
    },
    "processing": {
      "inputs": {
        "nixpkgs": [
          "nixpkgs"
        ]
      },
      "locked": {
        "lastModified": 1694605326,
        "narHash": "sha256-emcamoAfrrOMjDakddSkf6CX84/minEWawRKAziOYTM=",
        "owner": "FormsWizard",
        "repo": "processing",
        "rev": "62fe88c242d6751772cb2b9a19092b3fbe9d372f",
        "type": "github"
      },
      "original": {
        "owner": "FormsWizard",
        "ref": "main",
        "repo": "processing",
        "type": "github"
      }
    },
    "root": {
      "inputs": {
        "formsDesigner": "formsDesigner",
        "nixpkgs": "nixpkgs",
        "processing": "processing"
      }
    },
    "systems": {
      "locked": {
        "lastModified": 1681028828,
        "narHash": "sha256-Vy1rq5AaRuLzOxct8nz4T6wlgyUR7zLU309k9mBC768=",
        "owner": "nix-systems",
        "repo": "default",
        "rev": "da67096a3b9bf56a91d16901293e51ba5b49a27e",
        "type": "github"
      },
      "original": {
        "owner": "nix-systems",
        "repo": "default",
        "type": "github"
      }
    }
  },
  "root": "root",
  "version": 7
}
